
Microsoft Visual Studio Solution File, Format Version 12.00
# Visual Studio Version 16
VisualStudioVersion = 16.0.30114.105
MinimumVisualStudioVersion = 10.0.40219.1
Project("{FAE04EC0-301F-11D3-BF4B-00C04F79EFBC}") = "BuberBreakfast.Contracts", "BuberBreakfast.Contracts\BuberBreakfast.Contracts.csproj", "{86DA586B-658F-476F-A038-7B45C9FF9907}"
EndProject
Project("{FAE04EC0-301F-11D3-BF4B-00C04F79EFBC}") = "BuberBreakfast", "BuberBreakfast\BuberBreakfast.csproj", "{500A440B-94C7-483F-B55C-2FE770E2D51F}"
EndProject
Global
	GlobalSection(SolutionConfigurationPlatforms) = preSolution
		Debug|Any CPU = Debug|Any CPU
		Release|Any CPU = Release|Any CPU
	EndGlobalSection
	GlobalSection(SolutionProperties) = preSolution
		HideSolutionNode = FALSE
	EndGlobalSection
	GlobalSection(ProjectConfigurationPlatforms) = postSolution
		{86DA586B-658F-476F-A038-7B45C9FF9907}.Debug|Any CPU.ActiveCfg = Debug|Any CPU
		{86DA586B-658F-476F-A038-7B45C9FF9907}.Debug|Any CPU.Build.0 = Debug|Any CPU
		{86DA586B-658F-476F-A038-7B45C9FF9907}.Release|Any CPU.ActiveCfg = Release|Any CPU
		{86DA586B-658F-476F-A038-7B45C9FF9907}.Release|Any CPU.Build.0 = Release|Any CPU
		{500A440B-94C7-483F-B55C-2FE770E2D51F}.Debug|Any CPU.ActiveCfg = Debug|Any CPU
		{500A440B-94C7-483F-B55C-2FE770E2D51F}.Debug|Any CPU.Build.0 = Debug|Any CPU
		{500A440B-94C7-483F-B55C-2FE770E2D51F}.Release|Any CPU.ActiveCfg = Release|Any CPU
		{500A440B-94C7-483F-B55C-2FE770E2D51F}.Release|Any CPU.Build.0 = Release|Any CPU
	EndGlobalSection
EndGlobal
